{
  "pins" : [
    {
      "identity" : "isawebsocket",
      "kind" : "remoteSourceControl",
      "location" : "https://github.com/IsaiasSantana/ISAWebSocket",
      "state" : {
        "branch" : "main",
        "revision" : "9172834351a9abf37737440a72fa48b92f4dfa96"
      }
    }
  ],
  "version" : 2
}
